{
  "name": "lith-web",
  "version": "1.0.0",
  "lockfileVersion": 1,
  "requires": true,
  "dependencies": {
    "@bazel/bazel": {
      "version": "2.1.0",
      "resolved": "https://registry.npmjs.org/@bazel/bazel/-/bazel-2.1.0.tgz",
      "integrity": "sha512-3Dhs0uJ69ImqC+VIRcifnptPXytxCNWHqyTMFYf0F5AJCVHHW7uRE0tt3Vhm5BseFpdOsjqcghgxGzR/yo10qw==",
      "dev": true,
      "requires": {
        "@bazel/bazel-darwin_x64": "2.1.0",
        "@bazel/bazel-linux_x64": "2.1.0",
        "@bazel/bazel-win32_x64": "2.1.0",
        "@bazel/hide-bazel-files": "^1.7.0"
      },
      "dependencies": {
        "@bazel/bazel-darwin_x64": {
          "version": "2.1.0",
          "resolved": "https://registry.npmjs.org/@bazel/bazel-darwin_x64/-/bazel-darwin_x64-2.1.0.tgz",
          "integrity": "sha512-9waB/6UT6JmQh8qxlRK9IfSY4Ef+4iGwy5eYK2hoc1zXYDnnZoZoC4eXiq68cWTpyCcT7SNGEb9B3wL5Y5rA9A==",
          "dev": true,
          "optional": true
        },
        "@bazel/bazel-linux_x64": {
          "version": "2.1.0",
          "resolved": "https://registry.npmjs.org/@bazel/bazel-linux_x64/-/bazel-linux_x64-2.1.0.tgz",
          "integrity": "sha512-ag6ZwYMJblf1YuPhNRAMyCYf164mY8jhdIwPSVFI1CMiBRnSDJBkSg7rVIczPh+8Gp7TDqAno9MMTnfUXzxogA==",
          "dev": true,
          "optional": true
        },
        "@bazel/bazel-win32_x64": {
          "version": "2.1.0",
          "resolved": "https://registry.npmjs.org/@bazel/bazel-win32_x64/-/bazel-win32_x64-2.1.0.tgz",
          "integrity": "sha512-Y6cs3frmCqoAsrDmEp0msyS8VYE13JvjVoyvdIXTOh5Cc4fOeWzSPb02VS08asaV1jCnOQbv15Ud286hcxAvxg==",
          "dev": true,
          "optional": true
        }
      }
    },
    "@bazel/buildifier": {
      "version": "4.2.1",
      "resolved": "https://registry.npmjs.org/@bazel/buildifier/-/buildifier-4.2.1.tgz",
      "integrity": "sha512-eMBw//leW3xIbDrylsFKC7ejOMKAja2Z3BmQ5Zan/h7s/C+F2cMz3UFJhSVZRl4AaN3bXVvTNMz385abaTK/tA==",
      "dev": true
    },
    "@bazel/hide-bazel-files": {
      "version": "1.7.0",
      "resolved": "https://registry.npmjs.org/@bazel/hide-bazel-files/-/hide-bazel-files-1.7.0.tgz",
      "integrity": "sha512-pvdyRX/EsU8n+oElFb+OZ9i5M48HNFR+Z4D3vc0qDGiJ8oly9fZcUb2gbw4CzyeovJz0IzjSxjqMS6cp5gKoeg==",
      "dev": true
    },
    "@bazel/ibazel": {
      "version": "0.15.10",
      "resolved": "https://registry.npmjs.org/@bazel/ibazel/-/ibazel-0.15.10.tgz",
      "integrity": "sha512-0v+OwCQ6fsGFa50r6MXWbUkSGuWOoZ22K4pMSdtWiL5LKFIE4kfmMmtQS+M7/ICNwk2EIYob+NRreyi/DGUz5A==",
      "dev": true
    },
    "grpc-web": {
      "version": "1.2.1",
      "resolved": "https://registry.npmjs.org/grpc-web/-/grpc-web-1.2.1.tgz",
      "integrity": "sha512-ibBaJPzfMVuLPgaST9w0kZl60s+SnkPBQp6QKdpEr85tpc1gXW2QDqSne9xiyiym0logDfdUSm4aX5h9YBA2mw==",
      "dev": true
    }
  }
}
